
Microsoft Visual Studio Solution File, Format Version 12.00
Project("{FAE04EC0-301F-11D3-BF4B-00C04F79EFBC}") = "acidphantasm-botplacementsystem", "acidphantasm-botplacementsystem.csproj", "{58FEC68D-79B9-40D9-AA0B-3C8F669DA606}"
EndProject
Global
	GlobalSection(SolutionConfigurationPlatforms) = preSolution
		Debug|Any CPU = Debug|Any CPU
		Release|Any CPU = Release|Any CPU
	EndGlobalSection
	GlobalSection(ProjectConfigurationPlatforms) = postSolution
		{58FEC68D-79B9-40D9-AA0B-3C8F669DA606}.Debug|Any CPU.ActiveCfg = Debug|Any CPU
		{58FEC68D-79B9-40D9-AA0B-3C8F669DA606}.Debug|Any CPU.Build.0 = Debug|Any CPU
		{58FEC68D-79B9-40D9-AA0B-3C8F669DA606}.Release|Any CPU.ActiveCfg = Release|Any CPU
		{58FEC68D-79B9-40D9-AA0B-3C8F669DA606}.Release|Any CPU.Build.0 = Release|Any CPU
	EndGlobalSection
EndGlobal
